
Microsoft Visual Studio Solution File, Format Version 12.00
# Visual Studio Version 17
VisualStudioVersion = 17.5.33424.131
MinimumVisualStudioVersion = 10.0.40219.1
Project("{00D1A9C2-B5F0-4AF3-8072-F6C62B433612}") = "RangeMaster", "RangeMaster\RangeMaster.sqlproj", "{4E6B1CC9-3015-4116-B069-3F84794C2816}"
EndProject
Global
	GlobalSection(SolutionConfigurationPlatforms) = preSolution
		Debug|Any CPU = Debug|Any CPU
		Release|Any CPU = Release|Any CPU
	EndGlobalSection
	GlobalSection(ProjectConfigurationPlatforms) = postSolution
		{4E6B1CC9-3015-4116-B069-3F84794C2816}.Debug|Any CPU.ActiveCfg = Debug|Any CPU
		{4E6B1CC9-3015-4116-B069-3F84794C2816}.Debug|Any CPU.Build.0 = Debug|Any CPU
		{4E6B1CC9-3015-4116-B069-3F84794C2816}.Debug|Any CPU.Deploy.0 = Debug|Any CPU
		{4E6B1CC9-3015-4116-B069-3F84794C2816}.Release|Any CPU.ActiveCfg = Release|Any CPU
		{4E6B1CC9-3015-4116-B069-3F84794C2816}.Release|Any CPU.Build.0 = Release|Any CPU
		{4E6B1CC9-3015-4116-B069-3F84794C2816}.Release|Any CPU.Deploy.0 = Release|Any CPU
	EndGlobalSection
	GlobalSection(SolutionProperties) = preSolution
		HideSolutionNode = FALSE
	EndGlobalSection
	GlobalSection(ExtensibilityGlobals) = postSolution
		SolutionGuid = {A604AAF7-B074-466D-9FBF-F11EECF9A931}
	EndGlobalSection
EndGlobal
